
Microsoft Visual Studio Solution File, Format Version 12.00
# Visual Studio Version 17
VisualStudioVersion = 17.11.35327.3
MinimumVisualStudioVersion = 10.0.40219.1
Project("{9A19103F-16F7-4668-BE54-9A1E7A4F7556}") = "Techkid.FileHandler.Output.Formats.Json", "src\Techkid.FileHandler.Output.Formats.Json.csproj", "{E7DA8AA7-B88A-4015-9B8F-6C65DE6C6AC8}"
EndProject
Global
	GlobalSection(SolutionConfigurationPlatforms) = preSolution
		Debug|Any CPU = Debug|Any CPU
		Release|Any CPU = Release|Any CPU
	EndGlobalSection
	GlobalSection(ProjectConfigurationPlatforms) = postSolution
		{E7DA8AA7-B88A-4015-9B8F-6C65DE6C6AC8}.Debug|Any CPU.ActiveCfg = Debug|Any CPU
		{E7DA8AA7-B88A-4015-9B8F-6C65DE6C6AC8}.Debug|Any CPU.Build.0 = Debug|Any CPU
		{E7DA8AA7-B88A-4015-9B8F-6C65DE6C6AC8}.Release|Any CPU.ActiveCfg = Release|Any CPU
		{E7DA8AA7-B88A-4015-9B8F-6C65DE6C6AC8}.Release|Any CPU.Build.0 = Release|Any CPU
	EndGlobalSection
	GlobalSection(SolutionProperties) = preSolution
		HideSolutionNode = FALSE
	EndGlobalSection
	GlobalSection(ExtensibilityGlobals) = postSolution
		SolutionGuid = {BEE9A3EE-49C2-4663-84EC-47784A6AAF52}
	EndGlobalSection
EndGlobal
